
Microsoft Visual Studio Solution File, Format Version 12.00
# Visual Studio Version 17
VisualStudioVersion = 17.8.34511.84
MinimumVisualStudioVersion = 10.0.40219.1
Project("{FAE04EC0-301F-11D3-BF4B-00C04F79EFBC}") = "UNIty", "UNIty\UNIty.csproj", "{94DCE71F-7042-41CF-8DE8-CFAD578B742A}"
EndProject
Project("{2150E333-8FDC-42A3-9474-1A3956D46DE8}") = "UNIty.Domain", "UNIty.Domain", "{C220ABE4-C4D0-4BF7-B3C8-DE3F3178AC3B}"
EndProject
Project("{2150E333-8FDC-42A3-9474-1A3956D46DE8}") = "UNIty.Core", "UNIty.Core", "{0E01F483-D8A8-49D0-9304-39A29EBCE9CB}"
EndProject
Project("{2150E333-8FDC-42A3-9474-1A3956D46DE8}") = "UNIty.Persistence", "UNIty.Persistence", "{49E95000-48D3-4406-8DC3-588188D4D577}"
EndProject
Project("{2150E333-8FDC-42A3-9474-1A3956D46DE8}") = "Configurations", "Configurations", "{3FDE861F-D571-465F-BCDB-07E3605E8B36}"
EndProject
Project("{2150E333-8FDC-42A3-9474-1A3956D46DE8}") = "Repositories", "Repositories", "{607094D5-E634-4D87-A87F-58C79552340D}"
EndProject
Project("{2150E333-8FDC-42A3-9474-1A3956D46DE8}") = "IRepositories", "IRepositories", "{E70B25F5-EF1F-400D-9228-C45D8A12EB29}"
EndProject
Project("{FAE04EC0-301F-11D3-BF4B-00C04F79EFBC}") = "UNIty.Domain", "UNIty.Domain\UNIty.Domain.csproj", "{174916AE-C021-492D-A742-3651D94384B9}"
EndProject
Project("{FAE04EC0-301F-11D3-BF4B-00C04F79EFBC}") = "UNIty.Core", "UNIty.Core\UNIty.Core.csproj", "{B58BF482-B77F-447A-8C93-6C4E0C153BA7}"
EndProject
Project("{FAE04EC0-301F-11D3-BF4B-00C04F79EFBC}") = "Configurations", "Configurations\Configurations.csproj", "{9AA4B82A-04FD-4D47-AD5D-7DB7B899DC71}"
EndProject
Global
	GlobalSection(SolutionConfigurationPlatforms) = preSolution
		Debug|Any CPU = Debug|Any CPU
		Release|Any CPU = Release|Any CPU
	EndGlobalSection
	GlobalSection(ProjectConfigurationPlatforms) = postSolution
		{94DCE71F-7042-41CF-8DE8-CFAD578B742A}.Debug|Any CPU.ActiveCfg = Debug|Any CPU
		{94DCE71F-7042-41CF-8DE8-CFAD578B742A}.Debug|Any CPU.Build.0 = Debug|Any CPU
		{94DCE71F-7042-41CF-8DE8-CFAD578B742A}.Release|Any CPU.ActiveCfg = Release|Any CPU
		{94DCE71F-7042-41CF-8DE8-CFAD578B742A}.Release|Any CPU.Build.0 = Release|Any CPU
		{174916AE-C021-492D-A742-3651D94384B9}.Debug|Any CPU.ActiveCfg = Debug|Any CPU
		{174916AE-C021-492D-A742-3651D94384B9}.Debug|Any CPU.Build.0 = Debug|Any CPU
		{174916AE-C021-492D-A742-3651D94384B9}.Release|Any CPU.ActiveCfg = Release|Any CPU
		{174916AE-C021-492D-A742-3651D94384B9}.Release|Any CPU.Build.0 = Release|Any CPU
		{B58BF482-B77F-447A-8C93-6C4E0C153BA7}.Debug|Any CPU.ActiveCfg = Debug|Any CPU
		{B58BF482-B77F-447A-8C93-6C4E0C153BA7}.Debug|Any CPU.Build.0 = Debug|Any CPU
		{B58BF482-B77F-447A-8C93-6C4E0C153BA7}.Release|Any CPU.ActiveCfg = Release|Any CPU
		{B58BF482-B77F-447A-8C93-6C4E0C153BA7}.Release|Any CPU.Build.0 = Release|Any CPU
		{9AA4B82A-04FD-4D47-AD5D-7DB7B899DC71}.Debug|Any CPU.ActiveCfg = Debug|Any CPU
		{9AA4B82A-04FD-4D47-AD5D-7DB7B899DC71}.Debug|Any CPU.Build.0 = Debug|Any CPU
		{9AA4B82A-04FD-4D47-AD5D-7DB7B899DC71}.Release|Any CPU.ActiveCfg = Release|Any CPU
		{9AA4B82A-04FD-4D47-AD5D-7DB7B899DC71}.Release|Any CPU.Build.0 = Release|Any CPU
	EndGlobalSection
	GlobalSection(SolutionProperties) = preSolution
		HideSolutionNode = FALSE
	EndGlobalSection
	GlobalSection(NestedProjects) = preSolution
		{3FDE861F-D571-465F-BCDB-07E3605E8B36} = {49E95000-48D3-4406-8DC3-588188D4D577}
		{607094D5-E634-4D87-A87F-58C79552340D} = {49E95000-48D3-4406-8DC3-588188D4D577}
		{E70B25F5-EF1F-400D-9228-C45D8A12EB29} = {49E95000-48D3-4406-8DC3-588188D4D577}
		{174916AE-C021-492D-A742-3651D94384B9} = {C220ABE4-C4D0-4BF7-B3C8-DE3F3178AC3B}
		{B58BF482-B77F-447A-8C93-6C4E0C153BA7} = {0E01F483-D8A8-49D0-9304-39A29EBCE9CB}
		{9AA4B82A-04FD-4D47-AD5D-7DB7B899DC71} = {3FDE861F-D571-465F-BCDB-07E3605E8B36}
	EndGlobalSection
	GlobalSection(ExtensibilityGlobals) = postSolution
		SolutionGuid = {DDF130C5-0948-4D7A-B352-C0B9280BED90}
	EndGlobalSection
EndGlobal
